{
  "version": 4,
  "terraform_version": "1.9.5",
  "serial": 4,
  "lineage": "f71f809e-62c6-e2d4-692b-5a04d2e77f62",
  "outputs": {},
  "resources": [
    {
      "mode": "managed",
      "type": "mongodbatlas_database_user",
      "name": "garde_user",
      "provider": "provider[\"registry.terraform.io/mongodb/mongodbatlas\"]",
      "instances": [
        {
          "schema_version": 0,
          "attributes": {
            "auth_database_name": "admin",
            "aws_iam_type": "NONE",
            "id": "YXV0aF9kYXRhYmFzZV9uYW1l:YWRtaW4=-cHJvamVjdF9pZA==:NjZjOTg0N2ZhYmFjNTY2NGI1NjZmNTNh-dXNlcm5hbWU=:Z2FyZGVfdXNlcg==",
            "labels": [],
            "ldap_auth_type": "NONE",
            "oidc_auth_type": "NONE",
            "password": "NaturalBeautyLLM*\u0026(",
            "project_id": "66c9847fabac5664b566f53a",
            "roles": [
              {
                "collection_name": null,
                "database_name": "Garde",
                "role_name": "readWrite"
              }
            ],
            "scopes": [],
            "username": "garde_user",
            "x509_type": "NONE"
          },
          "sensitive_attributes": [
            [
              {
                "type": "get_attr",
                "value": "password"
              }
            ]
          ],
          "dependencies": [
            "mongodbatlas_project.garde_project"
          ]
        }
      ]
    },
    {
      "mode": "managed",
      "type": "mongodbatlas_project",
      "name": "garde_project",
      "provider": "provider[\"registry.terraform.io/mongodb/mongodbatlas\"]",
      "instances": [
        {
          "schema_version": 0,
          "attributes": {
            "cluster_count": 0,
            "created": "2024-08-24T06:58:09Z",
            "id": "66c9847fabac5664b566f53a",
            "ip_addresses": {
              "services": {
                "clusters": []
              }
            },
            "is_collect_database_specifics_statistics_enabled": true,
            "is_data_explorer_enabled": true,
            "is_extended_storage_sizes_enabled": false,
            "is_performance_advisor_enabled": true,
            "is_realtime_performance_panel_enabled": true,
            "is_schema_advisor_enabled": true,
            "limits": [],
            "name": "Garde Project",
            "org_id": "66c93f6583af144e6e528083",
            "project_owner_id": null,
            "region_usage_restrictions": null,
            "tags": null,
            "teams": [],
            "with_default_alerts_settings": true
          },
          "sensitive_attributes": []
        }
      ]
    },
    {
      "mode": "managed",
      "type": "null_resource",
      "name": "setup_mongodb_db_collections",
      "provider": "provider[\"registry.terraform.io/hashicorp/null\"]",
      "instances": [
        {
          "schema_version": 0,
          "attributes": {
            "id": "5997350578150442318",
            "triggers": null
          },
          "sensitive_attributes": [],
          "dependencies": [
            "mongodbatlas_project.garde_project"
          ]
        }
      ]
    }
  ],
  "check_results": null
}
